// !$*UTF8*$!
{
	archiveVersion = 1;
	classes = {
	};
	objectVersion = 46;
	objects = {

/* Begin PBXBuildFile section */
		D7578D4623211C460072DB05 /* main.m in Sources */ = {isa = PBXBuildFile; fileRef = D7578D4523211C460072DB05 /* main.m */; };
		D7578D4923211C460072DB05 /* AppDelegate.m in Sources */ = {isa = PBXBuildFile; fileRef = D7578D4823211C460072DB05 /* AppDelegate.m */; };
		D7578D4C23211C460072DB05 /* ViewController.m in Sources */ = {isa = PBXBuildFile; fileRef = D7578D4B23211C460072DB05 /* ViewController.m */; };
		D7578D4F23211C460072DB05 /* Main.storyboard in Resources */ = {isa = PBXBuildFile; fileRef = D7578D4D23211C460072DB05 /* Main.storyboard */; };
		D7578D5123211C460072DB05 /* Assets.xcassets in Resources */ = {isa = PBXBuildFile; fileRef = D7578D5023211C460072DB05 /* Assets.xcassets */; };
		D7578D5423211C460072DB05 /* LaunchScreen.storyboard in Resources */ = {isa = PBXBuildFile; fileRef = D7578D5223211C460072DB05 /* LaunchScreen.storyboard */; };
		D7578D5F23211C460072DB05 /* xcodeprojectTests.m in Sources */ = {isa = PBXBuildFile; fileRef = D7578D5E23211C460072DB05 /* xcodeprojectTests.m */; };
		D7578D6A23211C460072DB05 /* xcodeprojectUITests.m in Sources */ = {isa = PBXBuildFile; fileRef = D7578D6923211C460072DB05 /* xcodeprojectUITests.m */; };
/* End PBXBuildFile section */

/* Begin PBXContainerItemProxy section */
		D7578D5B23211C460072DB05 /* PBXContainerItemProxy */ = {
			isa = PBXContainerItemProxy;
			containerPortal = D7578D3923211C450072DB05 /* Project object */;
			proxyType = 1;
			remoteGlobalIDString = D7578D4023211C450072DB05;
			remoteInfo = xcodeproject;
		};
		D7578D6623211C460072DB05 /* PBXContainerItemProxy */ = {
			isa = PBXContainerItemProxy;
			containerPortal = D7578D3923211C450072DB05 /* Project object */;
			proxyType = 1;
			remoteGlobalIDString = D7578D4023211C450072DB05;
			remoteInfo = xcodeproject;
		};
/* End PBXContainerItemProxy section */

/* Begin PBXFileReference section */
		D7578D4123211C450072DB05 /* xcodeproject.app */ = {isa = PBXFileReference; explicitFileType = wrapper.application; includeInIndex = 0; path = xcodeproject.app; sourceTree = BUILT_PRODUCTS_DIR; };
		D7578D4523211C460072DB05 /* main.m */ = {isa = PBXFileReference; lastKnownFileType = sourcecode.c.objc; path = main.m; sourceTree = "<group>"; };
		D7578D4723211C460072DB05 /* AppDelegate.h */ = {isa = PBXFileReference; lastKnownFileType = sourcecode.c.h; path = AppDelegate.h; sourceTree = "<group>"; };
		D7578D4823211C460072DB05 /* AppDelegate.m */ = {isa = PBXFileReference; lastKnownFileType = sourcecode.c.objc; path = AppDelegate.m; sourceTree = "<group>"; };
		D7578D4A23211C460072DB05 /* ViewController.h */ = {isa = PBXFileReference; lastKnownFileType = sourcecode.c.h; path = ViewController.h; sourceTree = "<group>"; };
		D7578D4B23211C460072DB05 /* ViewController.m */ = {isa = PBXFileReference; lastKnownFileType = sourcecode.c.objc; path = ViewController.m; sourceTree = "<group>"; };
		D7578D4E23211C460072DB05 /* Base */ = {isa = PBXFileReference; lastKnownFileType = file.storyboard; name = Base; path = Base.lproj/Main.storyboard; sourceTree = "<group>"; };
		D7578D5023211C460072DB05 /* Assets.xcassets */ = {isa = PBXFileReference; lastKnownFileType = folder.assetcatalog; path = Assets.xcassets; sourceTree = "<group>"; };
		D7578D5323211C460072DB05 /* Base */ = {isa = PBXFileReference; lastKnownFileType = file.storyboard; name = Base; path = Base.lproj/LaunchScreen.storyboard; sourceTree = "<group>"; };
		D7578D5523211C460072DB05 /* Info.plist */ = {isa = PBXFileReference; lastKnownFileType = text.plist.xml; path = Info.plist; sourceTree = "<group>"; };
		D7578D5A23211C460072DB05 /* xcodeprojectTests.xctest */ = {isa = PBXFileReference; explicitFileType = wrapper.cfbundle; includeInIndex = 0; path = xcodeprojectTests.xctest; sourceTree = BUILT_PRODUCTS_DIR; };
		D7578D5E23211C460072DB05 /* xcodeprojectTests.m */ = {isa = PBXFileReference; lastKnownFileType = sourcecode.c.objc; path = xcodeprojectTests.m; sourceTree = "<group>"; };
		D7578D6023211C460072DB05 /* Info.plist */ = {isa = PBXFileReference; lastKnownFileType = text.plist.xml; path = Info.plist; sourceTree = "<group>"; };
		D7578D6523211C460072DB05 /* xcodeprojectUITests.xctest */ = {isa = PBXFileReference; explicitFileType = wrapper.cfbundle; includeInIndex = 0; path = xcodeprojectUITests.xctest; sourceTree = BUILT_PRODUCTS_DIR; };
		D7578D6923211C460072DB05 /* xcodeprojectUITests.m */ = {isa = PBXFileReference; lastKnownFileType = sourcecode.c.objc; path = xcodeprojectUITests.m; sourceTree = "<group>"; };
		D7578D6B23211C460072DB05 /* Info.plist */ = {isa = PBXFileReference; lastKnownFileType = text.plist.xml; path = Info.plist; sourceTree = "<group>"; };
/* End PBXFileReference section */

/* Begin PBXFrameworksBuildPhase section */
		D7578D3E23211C450072DB05 /* Frameworks */ = {
			isa = PBXFrameworksBuildPhase;
			buildActionMask = 2147483647;
			files = (
			);
			runOnlyForDeploymentPostprocessing = 0;
		};
		D7578D5723211C460072DB05 /* Frameworks */ = {
			isa = PBXFrameworksBuildPhase;
			buildActionMask = 2147483647;
			files = (
			);
			runOnlyForDeploymentPostprocessing = 0;
		};
		D7578D6223211C460072DB05 /* Frameworks */ = {
			isa = PBXFrameworksBuildPhase;
			buildActionMask = 2147483647;
			files = (
			);
			runOnlyForDeploymentPostprocessing = 0;
		};
/* End PBXFrameworksBuildPhase section */

/* Begin PBXGroup section */
		D7578D3823211C450072DB05 = {
			isa = PBXGroup;
			children = (
				D7578D4323211C450072DB05 /* xcodeproject */,
				D7578D5D23211C460072DB05 /* xcodeprojectTests */,
				D7578D6823211C460072DB05 /* xcodeprojectUITests */,
				D7578D4223211C450072DB05 /* Products */,
			);
			sourceTree = "<group>";
		};
		D7578D4223211C450072DB05 /* Products */ = {
			isa = PBXGroup;
			children = (
				D7578D4123211C450072DB05 /* xcodeproject.app */,
				D7578D5A23211C460072DB05 /* xcodeprojectTests.xctest */,
				D7578D6523211C460072DB05 /* xcodeprojectUITests.xctest */,
			);
			name = Products;
			sourceTree = "<group>";
		};
		D7578D4323211C450072DB05 /* xcodeproject */ = {
			isa = PBXGroup;
			children = (
				D7578D4723211C460072DB05 /* AppDelegate.h */,
				D7578D4823211C460072DB05 /* AppDelegate.m */,
				D7578D4A23211C460072DB05 /* ViewController.h */,
				D7578D4B23211C460072DB05 /* ViewController.m */,
				D7578D4D23211C460072DB05 /* Main.storyboard */,
				D7578D5023211C460072DB05 /* Assets.xcassets */,
				D7578D5223211C460072DB05 /* LaunchScreen.storyboard */,
				D7578D5523211C460072DB05 /* Info.plist */,
				D7578D4423211C460072DB05 /* Supporting Files */,
			);
			path = xcodeproject;
			sourceTree = "<group>";
		};
		D7578D4423211C460072DB05 /* Supporting Files */ = {
			isa = PBXGroup;
			children = (
				D7578D4523211C460072DB05 /* main.m */,
			);
			name = "Supporting Files";
			sourceTree = "<group>";
		};
		D7578D5D23211C460072DB05 /* xcodeprojectTests */ = {
			isa = PBXGroup;
			children = (
				D7578D5E23211C460072DB05 /* xcodeprojectTests.m */,
				D7578D6023211C460072DB05 /* Info.plist */,
			);
			path = xcodeprojectTests;
			sourceTree = "<group>";
		};
		D7578D6823211C460072DB05 /* xcodeprojectUITests */ = {
			isa = PBXGroup;
			children = (
				D7578D6923211C460072DB05 /* xcodeprojectUITests.m */,
				D7578D6B23211C460072DB05 /* Info.plist */,
			);
			path = xcodeprojectUITests;
			sourceTree = "<group>";
		};
/* End PBXGroup section */

/* Begin PBXNativeTarget section */
		D7578D4023211C450072DB05 /* xcodeproject */ = {
			isa = PBXNativeTarget;
			buildConfigurationList = D7578D6E23211C460072DB05 /* Build configuration list for PBXNativeTarget "xcodeproject" */;
			buildPhases = (
				D7578D3D23211C450072DB05 /* Sources */,
				D7578D3E23211C450072DB05 /* Frameworks */,
				D7578D3F23211C450072DB05 /* Resources */,
			);
			buildRules = (
			);
			dependencies = (
			);
			name = xcodeproject;
			productName = xcodeproject;
			productReference = D7578D4123211C450072DB05 /* xcodeproject.app */;
			productType = "com.apple.product-type.application";
		};
		D7578D5923211C460072DB05 /* xcodeprojectTests */ = {
			isa = PBXNativeTarget;
			buildConfigurationList = D7578D7123211C460072DB05 /* Build configuration list for PBXNativeTarget "xcodeprojectTests" */;
			buildPhases = (
				D7578D5623211C460072DB05 /* Sources */,
				D7578D5723211C460072DB05 /* Frameworks */,
				D7578D5823211C460072DB05 /* Resources */,
			);
			buildRules = (
			);
			dependencies = (
				D7578D5C23211C460072DB05 /* PBXTargetDependency */,
			);
			name = xcodeprojectTests;
			productName = xcodeprojectTests;
			productReference = D7578D5A23211C460072DB05 /* xcodeprojectTests.xctest */;
			productType = "com.apple.product-type.bundle.unit-test";
		};
		D7578D6423211C460072DB05 /* xcodeprojectUITests */ = {
			isa = PBXNativeTarget;
			buildConfigurationList = D7578D7423211C460072DB05 /* Build configuration list for PBXNativeTarget "xcodeprojectUITests" */;
			buildPhases = (
				D7578D6123211C460072DB05 /* Sources */,
				D7578D6223211C460072DB05 /* Frameworks */,
				D7578D6323211C460072DB05 /* Resources */,
			);
			buildRules = (
			);
			dependencies = (
				D7578D6723211C460072DB05 /* PBXTargetDependency */,
			);
			name = xcodeprojectUITests;
			productName = xcodeprojectUITests;
			productReference = D7578D6523211C460072DB05 /* xcodeprojectUITests.xctest */;
			productType = "com.apple.product-type.bundle.ui-testing";
		};
/* End PBXNativeTarget section */

/* Begin PBXProject section */
		D7578D3923211C450072DB05 /* Project object */ = {
			isa = PBXProject;
			attributes = {
				LastUpgradeCheck = 0700;
				ORGANIZATIONNAME = "Ariful Islamariful islam";
				TargetAttributes = {
					D7578D4023211C450072DB05 = {
						CreatedOnToolsVersion = 7.0;
					};
					D7578D5923211C460072DB05 = {
						CreatedOnToolsVersion = 7.0;
						TestTargetID = D7578D4023211C450072DB05;
					};
					D7578D6423211C460072DB05 = {
						CreatedOnToolsVersion = 7.0;
						TestTargetID = D7578D4023211C450072DB05;
					};
				};
			};
			buildConfigurationList = D7578D3C23211C450072DB05 /* Build configuration list for PBXProject "xcodeproject" */;
			compatibilityVersion = "Xcode 3.2";
			developmentRegion = English;
			hasScannedForEncodings = 0;
			knownRegions = (
				en,
				Base,
			);
			mainGroup = D7578D3823211C450072DB05;
			productRefGroup = D7578D4223211C450072DB05 /* Products */;
			projectDirPath = "";
			projectRoot = "";
			targets = (
				D7578D4023211C450072DB05 /* xcodeproject */,
				D7578D5923211C460072DB05 /* xcodeprojectTests */,
				D7578D6423211C460072DB05 /* xcodeprojectUITests */,
			);
		};
/* End PBXProject section */

/* Begin PBXResourcesBuildPhase section */
		D7578D3F23211C450072DB05 /* Resources */ = {
			isa = PBXResourcesBuildPhase;
			buildActionMask = 2147483647;
			files = (
				D7578D5423211C460072DB05 /* LaunchScreen.storyboard in Resources */,
				D7578D5123211C460072DB05 /* Assets.xcassets in Resources */,
				D7578D4F23211C460072DB05 /* Main.storyboard in Resources */,
			);
			runOnlyForDeploymentPostprocessing = 0;
		};
		D7578D5823211C460072DB05 /* Resources */ = {
			isa = PBXResourcesBuildPhase;
			buildActionMask = 2147483647;
			files = (
			);
			runOnlyForDeploymentPostprocessing = 0;
		};
		D7578D6323211C460072DB05 /* Resources */ = {
			isa = PBXResourcesBuildPhase;
			buildActionMask = 2147483647;
			files = (
			);
			runOnlyForDeploymentPostprocessing = 0;
		};
/* End PBXResourcesBuildPhase section */

/* Begin PBXSourcesBuildPhase section */
		D7578D3D23211C450072DB05 /* Sources */ = {
			isa = PBXSourcesBuildPhase;
			buildActionMask = 2147483647;
			files = (
				D7578D4C23211C460072DB05 /* ViewController.m in Sources */,
				D7578D4923211C460072DB05 /* AppDelegate.m in Sources */,
				D7578D4623211C460072DB05 /* main.m in Sources */,
			);
			runOnlyForDeploymentPostprocessing = 0;
		};
		D7578D5623211C460072DB05 /* Sources */ = {
			isa = PBXSourcesBuildPhase;
			buildActionMask = 2147483647;
			files = (
				D7578D5F23211C460072DB05 /* xcodeprojectTests.m in Sources */,
			);
			runOnlyForDeploymentPostprocessing = 0;
		};
		D7578D6123211C460072DB05 /* Sources */ = {
			isa = PBXSourcesBuildPhase;
			buildActionMask = 2147483647;
			files = (
				D7578D6A23211C460072DB05 /* xcodeprojectUITests.m in Sources */,
			);
			runOnlyForDeploymentPostprocessing = 0;
		};
/* End PBXSourcesBuildPhase section */

/* Begin PBXTargetDependency section */
		D7578D5C23211C460072DB05 /* PBXTargetDependency */ = {
			isa = PBXTargetDependency;
			target = D7578D4023211C450072DB05 /* xcodeproject */;
			targetProxy = D7578D5B23211C460072DB05 /* PBXContainerItemProxy */;
		};
		D7578D6723211C460072DB05 /* PBXTargetDependency */ = {
			isa = PBXTargetDependency;
			target = D7578D4023211C450072DB05 /* xcodeproject */;
			targetProxy = D7578D6623211C460072DB05 /* PBXContainerItemProxy */;
		};
/* End PBXTargetDependency section */

/* Begin PBXVariantGroup section */
		D7578D4D23211C460072DB05 /* Main.storyboard */ = {
			isa = PBXVariantGroup;
			children = (
				D7578D4E23211C460072DB05 /* Base */,
			);
			name = Main.storyboard;
			sourceTree = "<group>";
		};
		D7578D5223211C460072DB05 /* LaunchScreen.storyboard */ = {
			isa = PBXVariantGroup;
			children = (
				D7578D5323211C460072DB05 /* Base */,
			);
			name = LaunchScreen.storyboard;
			sourceTree = "<group>";
		};
/* End PBXVariantGroup section */

/* Begin XCBuildConfiguration section */
		D7578D6C23211C460072DB05 /* Debug */ = {
			isa = XCBuildConfiguration;
			buildSettings = {
				ALWAYS_SEARCH_USER_PATHS = NO;
				CLANG_CXX_LANGUAGE_STANDARD = "gnu++0x";
				CLANG_CXX_LIBRARY = "libc++";
				CLANG_ENABLE_MODULES = YES;
				CLANG_ENABLE_OBJC_ARC = YES;
				CLANG_WARN_BOOL_CONVERSION = YES;
				CLANG_WARN_CONSTANT_CONVERSION = YES;
				CLANG_WARN_DIRECT_OBJC_ISA_USAGE = YES_ERROR;
				CLANG_WARN_EMPTY_BODY = YES;
				CLANG_WARN_ENUM_CONVERSION = YES;
				CLANG_WARN_INT_CONVERSION = YES;
				CLANG_WARN_OBJC_ROOT_CLASS = YES_ERROR;
				CLANG_WARN_UNREACHABLE_CODE = YES;
				CLANG_WARN__DUPLICATE_METHOD_MATCH = YES;
				"CODE_SIGN_IDENTITY[sdk=iphoneos*]" = "iPhone Developer";
				COPY_PHASE_STRIP = NO;
				DEBUG_INFORMATION_FORMAT = dwarf;
				ENABLE_STRICT_OBJC_MSGSEND = YES;
				ENABLE_TESTABILITY = YES;
				GCC_C_LANGUAGE_STANDARD = gnu99;
				GCC_DYNAMIC_NO_PIC = NO;
				GCC_NO_COMMON_BLOCKS = YES;
				GCC_OPTIMIZATION_LEVEL = 0;
				GCC_PREPROCESSOR_DEFINITIONS = (
					"DEBUG=1",
					"$(inherited)",
				);
				GCC_WARN_64_TO_32_BIT_CONVERSION = YES;
				GCC_WARN_ABOUT_RETURN_TYPE = YES_ERROR;
				GCC_WARN_UNDECLARED_SELECTOR = YES;
				GCC_WARN_UNINITIALIZED_AUTOS = YES_AGGRESSIVE;
				GCC_WARN_UNUSED_FUNCTION = YES;
				GCC_WARN_UNUSED_VARIABLE = YES;
				IPHONEOS_DEPLOYMENT_TARGET = 9.0;
				MTL_ENABLE_DEBUG_INFO = YES;
				ONLY_ACTIVE_ARCH = YES;
				SDKROOT = iphoneos;
				TARGETED_DEVICE_FAMILY = "1,2";
			};
			name = Debug;
		};
		D7578D6D23211C460072DB05 /* Release */ = {
			isa = XCBuildConfiguration;
			buildSettings = {
				ALWAYS_SEARCH_USER_PATHS = NO;
				CLANG_CXX_LANGUAGE_STANDARD = "gnu++0x";
				CLANG_CXX_LIBRARY = "libc++";
				CLANG_ENABLE_MODULES = YES;
				CLANG_ENABLE_OBJC_ARC = YES;
				CLANG_WARN_BOOL_CONVERSION = YES;
				CLANG_WARN_CONSTANT_CONVERSION = YES;
				CLANG_WARN_DIRECT_OBJC_ISA_USAGE = YES_ERROR;
				CLANG_WARN_EMPTY_BODY = YES;
				CLANG_WARN_ENUM_CONVERSION = YES;
				CLANG_WARN_INT_CONVERSION = YES;
				CLANG_WARN_OBJC_ROOT_CLASS = YES_ERROR;
				CLANG_WARN_UNREACHABLE_CODE = YES;
				CLANG_WARN__DUPLICATE_METHOD_MATCH = YES;
				"CODE_SIGN_IDENTITY[sdk=iphoneos*]" = "iPhone Developer";
				COPY_PHASE_STRIP = NO;
				DEBUG_INFORMATION_FORMAT = "dwarf-with-dsym";
				ENABLE_NS_ASSERTIONS = NO;
				ENABLE_STRICT_OBJC_MSGSEND = YES;
				GCC_C_LANGUAGE_STANDARD = gnu99;
				GCC_NO_COMMON_BLOCKS = YES;
				GCC_WARN_64_TO_32_BIT_CONVERSION = YES;
				GCC_WARN_ABOUT_RETURN_TYPE = YES_ERROR;
				GCC_WARN_UNDECLARED_SELECTOR = YES;
				GCC_WARN_UNINITIALIZED_AUTOS = YES_AGGRESSIVE;
				GCC_WARN_UNUSED_FUNCTION = YES;
				GCC_WARN_UNUSED_VARIABLE = YES;
				IPHONEOS_DEPLOYMENT_TARGET = 9.0;
				MTL_ENABLE_DEBUG_INFO = NO;
				SDKROOT = iphoneos;
				TARGETED_DEVICE_FAMILY = "1,2";
				VALIDATE_PRODUCT = YES;
			};
			name = Release;
		};
		D7578D6F23211C460072DB05 /* Debug */ = {
			isa = XCBuildConfiguration;
			buildSettings = {
				ASSETCATALOG_COMPILER_APPICON_NAME = AppIcon;
				INFOPLIST_FILE = xcodeproject/Info.plist;
				IPHONEOS_DEPLOYMENT_TARGET = 9.0;
				LD_RUNPATH_SEARCH_PATHS = "$(inherited) @executable_path/Frameworks";
				PRODUCT_BUNDLE_IDENTIFIER = parsonal.xcodeproject;
				PRODUCT_NAME = "$(TARGET_NAME)";
				TARGETED_DEVICE_FAMILY = 1;
			};
			name = Debug;
		};
		D7578D7023211C460072DB05 /* Release */ = {
			isa = XCBuildConfiguration;
			buildSettings = {
				ASSETCATALOG_COMPILER_APPICON_NAME = AppIcon;
				INFOPLIST_FILE = xcodeproject/Info.plist;
				IPHONEOS_DEPLOYMENT_TARGET = 9.0;
				LD_RUNPATH_SEARCH_PATHS = "$(inherited) @executable_path/Frameworks";
				PRODUCT_BUNDLE_IDENTIFIER = parsonal.xcodeproject;
				PRODUCT_NAME = "$(TARGET_NAME)";
				TARGETED_DEVICE_FAMILY = 1;
			};
			name = Release;
		};
		D7578D7223211C460072DB05 /* Debug */ = {
			isa = XCBuildConfiguration;
			buildSettings = {
				BUNDLE_LOADER = "$(TEST_HOST)";
				INFOPLIST_FILE = xcodeprojectTests/Info.plist;
				LD_RUNPATH_SEARCH_PATHS = "$(inherited) @executable_path/Frameworks @loader_path/Frameworks";
				PRODUCT_BUNDLE_IDENTIFIER = parsonal.xcodeprojectTests;
				PRODUCT_NAME = "$(TARGET_NAME)";
				TEST_HOST = "$(BUILT_PRODUCTS_DIR)/xcodeproject.app/xcodeproject";
			};
			name = Debug;
		};
		D7578D7323211C460072DB05 /* Release */ = {
			isa = XCBuildConfiguration;
			buildSettings = {
				BUNDLE_LOADER = "$(TEST_HOST)";
				INFOPLIST_FILE = xcodeprojectTests/Info.plist;
				LD_RUNPATH_SEARCH_PATHS = "$(inherited) @executable_path/Frameworks @loader_path/Frameworks";
				PRODUCT_BUNDLE_IDENTIFIER = parsonal.xcodeprojectTests;
				PRODUCT_NAME = "$(TARGET_NAME)";
				TEST_HOST = "$(BUILT_PRODUCTS_DIR)/xcodeproject.app/xcodeproject";
			};
			name = Release;
		};
		D7578D7523211C460072DB05 /* Debug */ = {
			isa = XCBuildConfiguration;
			buildSettings = {
				INFOPLIST_FILE = xcodeprojectUITests/Info.plist;
				LD_RUNPATH_SEARCH_PATHS = "$(inherited) @executable_path/Frameworks @loader_path/Frameworks";
				PRODUCT_BUNDLE_IDENTIFIER = parsonal.xcodeprojectUITests;
				PRODUCT_NAME = "$(TARGET_NAME)";
				TEST_TARGET_NAME = xcodeproject;
				USES_XCTRUNNER = YES;
			};
			name = Debug;
		};
		D7578D7623211C460072DB05 /* Release */ = {
			isa = XCBuildConfiguration;
			buildSettings = {
				INFOPLIST_FILE = xcodeprojectUITests/Info.plist;
				LD_RUNPATH_SEARCH_PATHS = "$(inherited) @executable_path/Frameworks @loader_path/Frameworks";
				PRODUCT_BUNDLE_IDENTIFIER = parsonal.xcodeprojectUITests;
				PRODUCT_NAME = "$(TARGET_NAME)";
				TEST_TARGET_NAME = xcodeproject;
				USES_XCTRUNNER = YES;
			};
			name = Release;
		};
/* End XCBuildConfiguration section */

/* Begin XCConfigurationList section */
		D7578D3C23211C450072DB05 /* Build configuration list for PBXProject "xcodeproject" */ = {
			isa = XCConfigurationList;
			buildConfigurations = (
				D7578D6C23211C460072DB05 /* Debug */,
				D7578D6D23211C460072DB05 /* Release */,
			);
			defaultConfigurationIsVisible = 0;
			defaultConfigurationName = Release;
		};
		D7578D6E23211C460072DB05 /* Build configuration list for PBXNativeTarget "xcodeproject" */ = {
			isa = XCConfigurationList;
			buildConfigurations = (
				D7578D6F23211C460072DB05 /* Debug */,
				D7578D7023211C460072DB05 /* Release */,
			);
			defaultConfigurationIsVisible = 0;
		};
		D7578D7123211C460072DB05 /* Build configuration list for PBXNativeTarget "xcodeprojectTests" */ = {
			isa = XCConfigurationList;
			buildConfigurations = (
				D7578D7223211C460072DB05 /* Debug */,
				D7578D7323211C460072DB05 /* Release */,
			);
			defaultConfigurationIsVisible = 0;
		};
		D7578D7423211C460072DB05 /* Build configuration list for PBXNativeTarget "xcodeprojectUITests" */ = {
			isa = XCConfigurationList;
			buildConfigurations = (
				D7578D7523211C460072DB05 /* Debug */,
				D7578D7623211C460072DB05 /* Release */,
			);
			defaultConfigurationIsVisible = 0;
		};
/* End XCConfigurationList section */
	};
	rootObject = D7578D3923211C450072DB05 /* Project object */;
}
